// !$*UTF8*$!
{
	archiveVersion = 1;
	classes = {
	};
	objectVersion = 48;
	objects = {

/* Begin PBXBuildFile section */
		3EF51886245C70A400F60C21 /* TabContentsView.swift in Sources */ = {isa = PBXBuildFile; fileRef = 3EF51885245C70A400F60C21 /* TabContentsView.swift */; };
		3EF51888245C71A400F60C21 /* SmoothTabView+Constraints.swift in Sources */ = {isa = PBXBuildFile; fileRef = 3EF51887245C71A400F60C21 /* SmoothTabView+Constraints.swift */; };
		3EF5188A245C73B400F60C21 /* SmoothTabView+Animations.swift in Sources */ = {isa = PBXBuildFile; fileRef = 3EF51889245C73B400F60C21 /* SmoothTabView+Animations.swift */; };
		C1D8D0CF20492869006A4D80 /* AppDelegate.swift in Sources */ = {isa = PBXBuildFile; fileRef = C1D8D0CE20492869006A4D80 /* AppDelegate.swift */; };
		C1D8D0D120492869006A4D80 /* ViewController.swift in Sources */ = {isa = PBXBuildFile; fileRef = C1D8D0D020492869006A4D80 /* ViewController.swift */; };
		C1D8D0D420492869006A4D80 /* Main.storyboard in Resources */ = {isa = PBXBuildFile; fileRef = C1D8D0D220492869006A4D80 /* Main.storyboard */; };
		C1D8D0D620492869006A4D80 /* Assets.xcassets in Resources */ = {isa = PBXBuildFile; fileRef = C1D8D0D520492869006A4D80 /* Assets.xcassets */; };
		C1D8D0D920492869006A4D80 /* LaunchScreen.storyboard in Resources */ = {isa = PBXBuildFile; fileRef = C1D8D0D720492869006A4D80 /* LaunchScreen.storyboard */; };
		C1D8D0E620492941006A4D80 /* SmoothTabDefaultOptions.swift in Sources */ = {isa = PBXBuildFile; fileRef = C1D8D0E120492941006A4D80 /* SmoothTabDefaultOptions.swift */; };
		C1D8D0E720492941006A4D80 /* SmoothTabOptions.swift in Sources */ = {isa = PBXBuildFile; fileRef = C1D8D0E220492941006A4D80 /* SmoothTabOptions.swift */; };
		C1D8D0E820492941006A4D80 /* SmoothTabView.swift in Sources */ = {isa = PBXBuildFile; fileRef = C1D8D0E320492941006A4D80 /* SmoothTabView.swift */; };
		C1D8D0E920492941006A4D80 /* SmoothTabItem.swift in Sources */ = {isa = PBXBuildFile; fileRef = C1D8D0E420492941006A4D80 /* SmoothTabItem.swift */; };
		C1D8D0EA20492941006A4D80 /* Array+Extensions.swift in Sources */ = {isa = PBXBuildFile; fileRef = C1D8D0E520492941006A4D80 /* Array+Extensions.swift */; };
		C1D8D0EC20492978006A4D80 /* Constants.swift in Sources */ = {isa = PBXBuildFile; fileRef = C1D8D0EB20492978006A4D80 /* Constants.swift */; };
		C1D8D0EE20492BBE006A4D80 /* SmoothTab.podspec in Resources */ = {isa = PBXBuildFile; fileRef = C1D8D0ED20492BBE006A4D80 /* SmoothTab.podspec */; };
		C1D8D0F020492EB9006A4D80 /* LICENSE in Resources */ = {isa = PBXBuildFile; fileRef = C1D8D0EF20492EB9006A4D80 /* LICENSE */; };
		C1D8D0F220492F55006A4D80 /* README.md in Resources */ = {isa = PBXBuildFile; fileRef = C1D8D0F120492F54006A4D80 /* README.md */; };
		C1D8D0F42049307F006A4D80 /* preview.png in Resources */ = {isa = PBXBuildFile; fileRef = C1D8D0F32049307E006A4D80 /* preview.png */; };
/* End PBXBuildFile section */

/* Begin PBXFileReference section */
		3EF51885245C70A400F60C21 /* TabContentsView.swift */ = {isa = PBXFileReference; lastKnownFileType = sourcecode.swift; path = TabContentsView.swift; sourceTree = "<group>"; };
		3EF51887245C71A400F60C21 /* SmoothTabView+Constraints.swift */ = {isa = PBXFileReference; lastKnownFileType = sourcecode.swift; path = "SmoothTabView+Constraints.swift"; sourceTree = "<group>"; };
		3EF51889245C73B400F60C21 /* SmoothTabView+Animations.swift */ = {isa = PBXFileReference; lastKnownFileType = sourcecode.swift; path = "SmoothTabView+Animations.swift"; sourceTree = "<group>"; };
		C1D8D0CB20492868006A4D80 /* SmoothTab.app */ = {isa = PBXFileReference; explicitFileType = wrapper.application; includeInIndex = 0; path = SmoothTab.app; sourceTree = BUILT_PRODUCTS_DIR; };
		C1D8D0CE20492869006A4D80 /* AppDelegate.swift */ = {isa = PBXFileReference; lastKnownFileType = sourcecode.swift; path = AppDelegate.swift; sourceTree = "<group>"; };
		C1D8D0D020492869006A4D80 /* ViewController.swift */ = {isa = PBXFileReference; lastKnownFileType = sourcecode.swift; path = ViewController.swift; sourceTree = "<group>"; };
		C1D8D0D320492869006A4D80 /* Base */ = {isa = PBXFileReference; lastKnownFileType = file.storyboard; name = Base; path = Base.lproj/Main.storyboard; sourceTree = "<group>"; };
		C1D8D0D520492869006A4D80 /* Assets.xcassets */ = {isa = PBXFileReference; lastKnownFileType = folder.assetcatalog; path = Assets.xcassets; sourceTree = "<group>"; };
		C1D8D0D820492869006A4D80 /* Base */ = {isa = PBXFileReference; lastKnownFileType = file.storyboard; name = Base; path = Base.lproj/LaunchScreen.storyboard; sourceTree = "<group>"; };
		C1D8D0DA20492869006A4D80 /* Info.plist */ = {isa = PBXFileReference; lastKnownFileType = text.plist.xml; path = Info.plist; sourceTree = "<group>"; };
		C1D8D0E120492941006A4D80 /* SmoothTabDefaultOptions.swift */ = {isa = PBXFileReference; fileEncoding = 4; lastKnownFileType = sourcecode.swift; path = SmoothTabDefaultOptions.swift; sourceTree = "<group>"; };
		C1D8D0E220492941006A4D80 /* SmoothTabOptions.swift */ = {isa = PBXFileReference; fileEncoding = 4; lastKnownFileType = sourcecode.swift; path = SmoothTabOptions.swift; sourceTree = "<group>"; };
		C1D8D0E320492941006A4D80 /* SmoothTabView.swift */ = {isa = PBXFileReference; fileEncoding = 4; lastKnownFileType = sourcecode.swift; path = SmoothTabView.swift; sourceTree = "<group>"; };
		C1D8D0E420492941006A4D80 /* SmoothTabItem.swift */ = {isa = PBXFileReference; fileEncoding = 4; lastKnownFileType = sourcecode.swift; path = SmoothTabItem.swift; sourceTree = "<group>"; };
		C1D8D0E520492941006A4D80 /* Array+Extensions.swift */ = {isa = PBXFileReference; fileEncoding = 4; lastKnownFileType = sourcecode.swift; path = "Array+Extensions.swift"; sourceTree = "<group>"; };
		C1D8D0EB20492978006A4D80 /* Constants.swift */ = {isa = PBXFileReference; lastKnownFileType = sourcecode.swift; path = Constants.swift; sourceTree = "<group>"; };
		C1D8D0ED20492BBE006A4D80 /* SmoothTab.podspec */ = {isa = PBXFileReference; fileEncoding = 4; lastKnownFileType = text; path = SmoothTab.podspec; sourceTree = "<group>"; };
		C1D8D0EF20492EB9006A4D80 /* LICENSE */ = {isa = PBXFileReference; fileEncoding = 4; lastKnownFileType = text; path = LICENSE; sourceTree = "<group>"; };
		C1D8D0F120492F54006A4D80 /* README.md */ = {isa = PBXFileReference; fileEncoding = 4; lastKnownFileType = net.daringfireball.markdown; path = README.md; sourceTree = "<group>"; };
		C1D8D0F32049307E006A4D80 /* preview.png */ = {isa = PBXFileReference; lastKnownFileType = image.png; path = preview.png; sourceTree = "<group>"; };
/* End PBXFileReference section */

/* Begin PBXFrameworksBuildPhase section */
		C1D8D0C820492868006A4D80 /* Frameworks */ = {
			isa = PBXFrameworksBuildPhase;
			buildActionMask = 2147483647;
			files = (
			);
			runOnlyForDeploymentPostprocessing = 0;
		};
/* End PBXFrameworksBuildPhase section */

/* Begin PBXGroup section */
		3EF51884245C706A00F60C21 /* SmoothTabView */ = {
			isa = PBXGroup;
			children = (
				C1D8D0E320492941006A4D80 /* SmoothTabView.swift */,
				3EF51885245C70A400F60C21 /* TabContentsView.swift */,
				3EF51887245C71A400F60C21 /* SmoothTabView+Constraints.swift */,
				3EF51889245C73B400F60C21 /* SmoothTabView+Animations.swift */,
			);
			path = SmoothTabView;
			sourceTree = "<group>";
		};
		C1D8D0C220492868006A4D80 = {
			isa = PBXGroup;
			children = (
				C1D8D0F32049307E006A4D80 /* preview.png */,
				C1D8D0F120492F54006A4D80 /* README.md */,
				C1D8D0ED20492BBE006A4D80 /* SmoothTab.podspec */,
				C1D8D0EF20492EB9006A4D80 /* LICENSE */,
				C1D8D0CD20492868006A4D80 /* SmoothTab */,
				C1D8D0CC20492868006A4D80 /* Products */,
			);
			sourceTree = "<group>";
		};
		C1D8D0CC20492868006A4D80 /* Products */ = {
			isa = PBXGroup;
			children = (
				C1D8D0CB20492868006A4D80 /* SmoothTab.app */,
			);
			name = Products;
			sourceTree = "<group>";
		};
		C1D8D0CD20492868006A4D80 /* SmoothTab */ = {
			isa = PBXGroup;
			children = (
				C1D8D0E02049288B006A4D80 /* Classes */,
				C1D8D0CE20492869006A4D80 /* AppDelegate.swift */,
				C1D8D0D020492869006A4D80 /* ViewController.swift */,
				C1D8D0D220492869006A4D80 /* Main.storyboard */,
				C1D8D0D520492869006A4D80 /* Assets.xcassets */,
				C1D8D0D720492869006A4D80 /* LaunchScreen.storyboard */,
				C1D8D0DA20492869006A4D80 /* Info.plist */,
			);
			path = SmoothTab;
			sourceTree = "<group>";
		};
		C1D8D0E02049288B006A4D80 /* Classes */ = {
			isa = PBXGroup;
			children = (
				3EF51884245C706A00F60C21 /* SmoothTabView */,
				C1D8D0E520492941006A4D80 /* Array+Extensions.swift */,
				C1D8D0E120492941006A4D80 /* SmoothTabDefaultOptions.swift */,
				C1D8D0E420492941006A4D80 /* SmoothTabItem.swift */,
				C1D8D0E220492941006A4D80 /* SmoothTabOptions.swift */,
				C1D8D0EB20492978006A4D80 /* Constants.swift */,
			);
			path = Classes;
			sourceTree = "<group>";
		};
/* End PBXGroup section */

/* Begin PBXNativeTarget section */
		C1D8D0CA20492868006A4D80 /* SmoothTab */ = {
			isa = PBXNativeTarget;
			buildConfigurationList = C1D8D0DD20492869006A4D80 /* Build configuration list for PBXNativeTarget "SmoothTab" */;
			buildPhases = (
				C1D8D0C720492868006A4D80 /* Sources */,
				C1D8D0C820492868006A4D80 /* Frameworks */,
				C1D8D0C920492868006A4D80 /* Resources */,
			);
			buildRules = (
			);
			dependencies = (
			);
			name = SmoothTab;
			productName = SmoothTab;
			productReference = C1D8D0CB20492868006A4D80 /* SmoothTab.app */;
			productType = "com.apple.product-type.application";
		};
/* End PBXNativeTarget section */

/* Begin PBXProject section */
		C1D8D0C320492868006A4D80 /* Project object */ = {
			isa = PBXProject;
			attributes = {
				LastSwiftUpdateCheck = 0910;
				LastUpgradeCheck = 1010;
				ORGANIZATIONNAME = "Yervand Saribekyan";
				TargetAttributes = {
					C1D8D0CA20492868006A4D80 = {
						CreatedOnToolsVersion = 9.1;
						LastSwiftMigration = 1140;
						ProvisioningStyle = Automatic;
					};
				};
			};
			buildConfigurationList = C1D8D0C620492868006A4D80 /* Build configuration list for PBXProject "SmoothTab" */;
			compatibilityVersion = "Xcode 8.0";
			developmentRegion = en;
			hasScannedForEncodings = 0;
			knownRegions = (
				en,
				Base,
			);
			mainGroup = C1D8D0C220492868006A4D80;
			productRefGroup = C1D8D0CC20492868006A4D80 /* Products */;
			projectDirPath = "";
			projectRoot = "";
			targets = (
				C1D8D0CA20492868006A4D80 /* SmoothTab */,
			);
		};
/* End PBXProject section */

/* Begin PBXResourcesBuildPhase section */
		C1D8D0C920492868006A4D80 /* Resources */ = {
			isa = PBXResourcesBuildPhase;
			buildActionMask = 2147483647;
			files = (
				C1D8D0F220492F55006A4D80 /* README.md in Resources */,
				C1D8D0D920492869006A4D80 /* LaunchScreen.storyboard in Resources */,
				C1D8D0D620492869006A4D80 /* Assets.xcassets in Resources */,
				C1D8D0EE20492BBE006A4D80 /* SmoothTab.podspec in Resources */,
				C1D8D0D420492869006A4D80 /* Main.storyboard in Resources */,
				C1D8D0F020492EB9006A4D80 /* LICENSE in Resources */,
				C1D8D0F42049307F006A4D80 /* preview.png in Resources */,
			);
			runOnlyForDeploymentPostprocessing = 0;
		};
/* End PBXResourcesBuildPhase section */

/* Begin PBXSourcesBuildPhase section */
		C1D8D0C720492868006A4D80 /* Sources */ = {
			isa = PBXSourcesBuildPhase;
			buildActionMask = 2147483647;
			files = (
				C1D8D0D120492869006A4D80 /* ViewController.swift in Sources */,
				C1D8D0CF20492869006A4D80 /* AppDelegate.swift in Sources */,
				3EF51886245C70A400F60C21 /* TabContentsView.swift in Sources */,
				C1D8D0E720492941006A4D80 /* SmoothTabOptions.swift in Sources */,
				C1D8D0EA20492941006A4D80 /* Array+Extensions.swift in Sources */,
				C1D8D0E620492941006A4D80 /* SmoothTabDefaultOptions.swift in Sources */,
				C1D8D0E920492941006A4D80 /* SmoothTabItem.swift in Sources */,
				C1D8D0E820492941006A4D80 /* SmoothTabView.swift in Sources */,
				3EF5188A245C73B400F60C21 /* SmoothTabView+Animations.swift in Sources */,
				C1D8D0EC20492978006A4D80 /* Constants.swift in Sources */,
				3EF51888245C71A400F60C21 /* SmoothTabView+Constraints.swift in Sources */,
			);
			runOnlyForDeploymentPostprocessing = 0;
		};
/* End PBXSourcesBuildPhase section */

/* Begin PBXVariantGroup section */
		C1D8D0D220492869006A4D80 /* Main.storyboard */ = {
			isa = PBXVariantGroup;
			children = (
				C1D8D0D320492869006A4D80 /* Base */,
			);
			name = Main.storyboard;
			sourceTree = "<group>";
		};
		C1D8D0D720492869006A4D80 /* LaunchScreen.storyboard */ = {
			isa = PBXVariantGroup;
			children = (
				C1D8D0D820492869006A4D80 /* Base */,
			);
			name = LaunchScreen.storyboard;
			sourceTree = "<group>";
		};
/* End PBXVariantGroup section */

/* Begin XCBuildConfiguration section */
		C1D8D0DB20492869006A4D80 /* Debug */ = {
			isa = XCBuildConfiguration;
			buildSettings = {
				ALWAYS_SEARCH_USER_PATHS = NO;
				CLANG_ANALYZER_NONNULL = YES;
				CLANG_ANALYZER_NUMBER_OBJECT_CONVERSION = YES_AGGRESSIVE;
				CLANG_CXX_LANGUAGE_STANDARD = "gnu++14";
				CLANG_CXX_LIBRARY = "libc++";
				CLANG_ENABLE_MODULES = YES;
				CLANG_ENABLE_OBJC_ARC = YES;
				CLANG_WARN_BLOCK_CAPTURE_AUTORELEASING = YES;
				CLANG_WARN_BOOL_CONVERSION = YES;
				CLANG_WARN_COMMA = YES;
				CLANG_WARN_CONSTANT_CONVERSION = YES;
				CLANG_WARN_DEPRECATED_OBJC_IMPLEMENTATIONS = YES;
				CLANG_WARN_DIRECT_OBJC_ISA_USAGE = YES_ERROR;
				CLANG_WARN_DOCUMENTATION_COMMENTS = YES;
				CLANG_WARN_EMPTY_BODY = YES;
				CLANG_WARN_ENUM_CONVERSION = YES;
				CLANG_WARN_INFINITE_RECURSION = YES;
				CLANG_WARN_INT_CONVERSION = YES;
				CLANG_WARN_NON_LITERAL_NULL_CONVERSION = YES;
				CLANG_WARN_OBJC_IMPLICIT_RETAIN_SELF = YES;
				CLANG_WARN_OBJC_LITERAL_CONVERSION = YES;
				CLANG_WARN_OBJC_ROOT_CLASS = YES_ERROR;
				CLANG_WARN_RANGE_LOOP_ANALYSIS = YES;
				CLANG_WARN_STRICT_PROTOTYPES = YES;
				CLANG_WARN_SUSPICIOUS_MOVE = YES;
				CLANG_WARN_UNGUARDED_AVAILABILITY = YES_AGGRESSIVE;
				CLANG_WARN_UNREACHABLE_CODE = YES;
				CLANG_WARN__DUPLICATE_METHOD_MATCH = YES;
				CODE_SIGN_IDENTITY = "iPhone Developer";
				COPY_PHASE_STRIP = NO;
				DEBUG_INFORMATION_FORMAT = dwarf;
				ENABLE_STRICT_OBJC_MSGSEND = YES;
				ENABLE_TESTABILITY = YES;
				GCC_C_LANGUAGE_STANDARD = gnu11;
				GCC_DYNAMIC_NO_PIC = NO;
				GCC_NO_COMMON_BLOCKS = YES;
				GCC_OPTIMIZATION_LEVEL = 0;
				GCC_PREPROCESSOR_DEFINITIONS = (
					"DEBUG=1",
					"$(inherited)",
				);
				GCC_WARN_64_TO_32_BIT_CONVERSION = YES;
				GCC_WARN_ABOUT_RETURN_TYPE = YES_ERROR;
				GCC_WARN_UNDECLARED_SELECTOR = YES;
				GCC_WARN_UNINITIALIZED_AUTOS = YES_AGGRESSIVE;
				GCC_WARN_UNUSED_FUNCTION = YES;
				GCC_WARN_UNUSED_VARIABLE = YES;
				IPHONEOS_DEPLOYMENT_TARGET = 11.1;
				MTL_ENABLE_DEBUG_INFO = YES;
				ONLY_ACTIVE_ARCH = YES;
				SDKROOT = iphoneos;
				SWIFT_ACTIVE_COMPILATION_CONDITIONS = DEBUG;
				SWIFT_OPTIMIZATION_LEVEL = "-Onone";
			};
			name = Debug;
		};
		C1D8D0DC20492869006A4D80 /* Release */ = {
			isa = XCBuildConfiguration;
			buildSettings = {
				ALWAYS_SEARCH_USER_PATHS = NO;
				CLANG_ANALYZER_NONNULL = YES;
				CLANG_ANALYZER_NUMBER_OBJECT_CONVERSION = YES_AGGRESSIVE;
				CLANG_CXX_LANGUAGE_STANDARD = "gnu++14";
				CLANG_CXX_LIBRARY = "libc++";
				CLANG_ENABLE_MODULES = YES;
				CLANG_ENABLE_OBJC_ARC = YES;
				CLANG_WARN_BLOCK_CAPTURE_AUTORELEASING = YES;
				CLANG_WARN_BOOL_CONVERSION = YES;
				CLANG_WARN_COMMA = YES;
				CLANG_WARN_CONSTANT_CONVERSION = YES;
				CLANG_WARN_DEPRECATED_OBJC_IMPLEMENTATIONS = YES;
				CLANG_WARN_DIRECT_OBJC_ISA_USAGE = YES_ERROR;
				CLANG_WARN_DOCUMENTATION_COMMENTS = YES;
				CLANG_WARN_EMPTY_BODY = YES;
				CLANG_WARN_ENUM_CONVERSION = YES;
				CLANG_WARN_INFINITE_RECURSION = YES;
				CLANG_WARN_INT_CONVERSION = YES;
				CLANG_WARN_NON_LITERAL_NULL_CONVERSION = YES;
				CLANG_WARN_OBJC_IMPLICIT_RETAIN_SELF = YES;
				CLANG_WARN_OBJC_LITERAL_CONVERSION = YES;
				CLANG_WARN_OBJC_ROOT_CLASS = YES_ERROR;
				CLANG_WARN_RANGE_LOOP_ANALYSIS = YES;
				CLANG_WARN_STRICT_PROTOTYPES = YES;
				CLANG_WARN_SUSPICIOUS_MOVE = YES;
				CLANG_WARN_UNGUARDED_AVAILABILITY = YES_AGGRESSIVE;
				CLANG_WARN_UNREACHABLE_CODE = YES;
				CLANG_WARN__DUPLICATE_METHOD_MATCH = YES;
				CODE_SIGN_IDENTITY = "iPhone Developer";
				COPY_PHASE_STRIP = NO;
				DEBUG_INFORMATION_FORMAT = "dwarf-with-dsym";
				ENABLE_NS_ASSERTIONS = NO;
				ENABLE_STRICT_OBJC_MSGSEND = YES;
				GCC_C_LANGUAGE_STANDARD = gnu11;
				GCC_NO_COMMON_BLOCKS = YES;
				GCC_WARN_64_TO_32_BIT_CONVERSION = YES;
				GCC_WARN_ABOUT_RETURN_TYPE = YES_ERROR;
				GCC_WARN_UNDECLARED_SELECTOR = YES;
				GCC_WARN_UNINITIALIZED_AUTOS = YES_AGGRESSIVE;
				GCC_WARN_UNUSED_FUNCTION = YES;
				GCC_WARN_UNUSED_VARIABLE = YES;
				IPHONEOS_DEPLOYMENT_TARGET = 11.1;
				MTL_ENABLE_DEBUG_INFO = NO;
				SDKROOT = iphoneos;
				SWIFT_OPTIMIZATION_LEVEL = "-Owholemodule";
				VALIDATE_PRODUCT = YES;
			};
			name = Release;
		};
		C1D8D0DE20492869006A4D80 /* Debug */ = {
			isa = XCBuildConfiguration;
			buildSettings = {
				ASSETCATALOG_COMPILER_APPICON_NAME = AppIcon;
				CODE_SIGN_STYLE = Automatic;
				DEVELOPMENT_TEAM = "";
				INFOPLIST_FILE = SmoothTab/Info.plist;
				IPHONEOS_DEPLOYMENT_TARGET = 11.0;
				LD_RUNPATH_SEARCH_PATHS = "$(inherited) @executable_path/Frameworks";
				PRODUCT_BUNDLE_IDENTIFIER = com.yervandsar.SmoothTab;
				PRODUCT_NAME = "$(TARGET_NAME)";
				SWIFT_VERSION = 5.0;
				TARGETED_DEVICE_FAMILY = "1,2";
			};
			name = Debug;
		};
		C1D8D0DF20492869006A4D80 /* Release */ = {
			isa = XCBuildConfiguration;
			buildSettings = {
				ASSETCATALOG_COMPILER_APPICON_NAME = AppIcon;
				CODE_SIGN_STYLE = Automatic;
				DEVELOPMENT_TEAM = "";
				INFOPLIST_FILE = SmoothTab/Info.plist;
				IPHONEOS_DEPLOYMENT_TARGET = 11.0;
				LD_RUNPATH_SEARCH_PATHS = "$(inherited) @executable_path/Frameworks";
				PRODUCT_BUNDLE_IDENTIFIER = com.yervandsar.SmoothTab;
				PRODUCT_NAME = "$(TARGET_NAME)";
				SWIFT_VERSION = 5.0;
				TARGETED_DEVICE_FAMILY = "1,2";
			};
			name = Release;
		};
/* End XCBuildConfiguration section */

/* Begin XCConfigurationList section */
		C1D8D0C620492868006A4D80 /* Build configuration list for PBXProject "SmoothTab" */ = {
			isa = XCConfigurationList;
			buildConfigurations = (
				C1D8D0DB20492869006A4D80 /* Debug */,
				C1D8D0DC20492869006A4D80 /* Release */,
			);
			defaultConfigurationIsVisible = 0;
			defaultConfigurationName = Release;
		};
		C1D8D0DD20492869006A4D80 /* Build configuration list for PBXNativeTarget "SmoothTab" */ = {
			isa = XCConfigurationList;
			buildConfigurations = (
				C1D8D0DE20492869006A4D80 /* Debug */,
				C1D8D0DF20492869006A4D80 /* Release */,
			);
			defaultConfigurationIsVisible = 0;
			defaultConfigurationName = Release;
		};
/* End XCConfigurationList section */
	};
	rootObject = C1D8D0C320492868006A4D80 /* Project object */;
}
